// !$*UTF8*$!
{
	archiveVersion = 1;
	classes = {
	};
	objectVersion = 50;
	objects = {

/* Begin PBXBuildFile section */
		6FA54BAE21BA560A006BC204 /* AppDelegate.m in Sources */ = {isa = PBXBuildFile; fileRef = 6FA54BAD21BA560A006BC204 /* AppDelegate.m */; };
		6FA54BB121BA560A006BC204 /* ViewController.m in Sources */ = {isa = PBXBuildFile; fileRef = 6FA54BB021BA560A006BC204 /* ViewController.m */; };
		6FA54BB421BA560A006BC204 /* Main.storyboard in Resources */ = {isa = PBXBuildFile; fileRef = 6FA54BB221BA560A006BC204 /* Main.storyboard */; };
		6FA54BB621BA560C006BC204 /* Assets.xcassets in Resources */ = {isa = PBXBuildFile; fileRef = 6FA54BB521BA560C006BC204 /* Assets.xcassets */; };
		6FA54BB921BA560C006BC204 /* LaunchScreen.storyboard in Resources */ = {isa = PBXBuildFile; fileRef = 6FA54BB721BA560C006BC204 /* LaunchScreen.storyboard */; };
		6FA54BBC21BA560C006BC204 /* main.m in Sources */ = {isa = PBXBuildFile; fileRef = 6FA54BBB21BA560C006BC204 /* main.m */; };
		6FA54BC621BA560C006BC204 /* EcoAdDemoTests.m in Sources */ = {isa = PBXBuildFile; fileRef = 6FA54BC521BA560C006BC204 /* EcoAdDemoTests.m */; };
		6FA54BD121BA560C006BC204 /* EcoAdDemoUITests.m in Sources */ = {isa = PBXBuildFile; fileRef = 6FA54BD021BA560C006BC204 /* EcoAdDemoUITests.m */; };
/* End PBXBuildFile section */

/* Begin PBXContainerItemProxy section */
		6FA54BC221BA560C006BC204 /* PBXContainerItemProxy */ = {
			isa = PBXContainerItemProxy;
			containerPortal = 6FA54BA121BA560A006BC204 /* Project object */;
			proxyType = 1;
			remoteGlobalIDString = 6FA54BA821BA560A006BC204;
			remoteInfo = EcoAdDemo;
		};
		6FA54BCD21BA560C006BC204 /* PBXContainerItemProxy */ = {
			isa = PBXContainerItemProxy;
			containerPortal = 6FA54BA121BA560A006BC204 /* Project object */;
			proxyType = 1;
			remoteGlobalIDString = 6FA54BA821BA560A006BC204;
			remoteInfo = EcoAdDemo;
		};
/* End PBXContainerItemProxy section */

/* Begin PBXFileReference section */
		6FA54BA921BA560A006BC204 /* EcoAdDemo.app */ = {isa = PBXFileReference; explicitFileType = wrapper.application; includeInIndex = 0; path = EcoAdDemo.app; sourceTree = BUILT_PRODUCTS_DIR; };
		6FA54BAC21BA560A006BC204 /* AppDelegate.h */ = {isa = PBXFileReference; lastKnownFileType = sourcecode.c.h; path = AppDelegate.h; sourceTree = "<group>"; };
		6FA54BAD21BA560A006BC204 /* AppDelegate.m */ = {isa = PBXFileReference; lastKnownFileType = sourcecode.c.objc; path = AppDelegate.m; sourceTree = "<group>"; };
		6FA54BAF21BA560A006BC204 /* ViewController.h */ = {isa = PBXFileReference; lastKnownFileType = sourcecode.c.h; path = ViewController.h; sourceTree = "<group>"; };
		6FA54BB021BA560A006BC204 /* ViewController.m */ = {isa = PBXFileReference; lastKnownFileType = sourcecode.c.objc; path = ViewController.m; sourceTree = "<group>"; };
		6FA54BB321BA560A006BC204 /* Base */ = {isa = PBXFileReference; lastKnownFileType = file.storyboard; name = Base; path = Base.lproj/Main.storyboard; sourceTree = "<group>"; };
		6FA54BB521BA560C006BC204 /* Assets.xcassets */ = {isa = PBXFileReference; lastKnownFileType = folder.assetcatalog; path = Assets.xcassets; sourceTree = "<group>"; };
		6FA54BB821BA560C006BC204 /* Base */ = {isa = PBXFileReference; lastKnownFileType = file.storyboard; name = Base; path = Base.lproj/LaunchScreen.storyboard; sourceTree = "<group>"; };
		6FA54BBA21BA560C006BC204 /* Info.plist */ = {isa = PBXFileReference; lastKnownFileType = text.plist.xml; path = Info.plist; sourceTree = "<group>"; };
		6FA54BBB21BA560C006BC204 /* main.m */ = {isa = PBXFileReference; lastKnownFileType = sourcecode.c.objc; path = main.m; sourceTree = "<group>"; };
		6FA54BC121BA560C006BC204 /* EcoAdDemoTests.xctest */ = {isa = PBXFileReference; explicitFileType = wrapper.cfbundle; includeInIndex = 0; path = EcoAdDemoTests.xctest; sourceTree = BUILT_PRODUCTS_DIR; };
		6FA54BC521BA560C006BC204 /* EcoAdDemoTests.m */ = {isa = PBXFileReference; lastKnownFileType = sourcecode.c.objc; path = EcoAdDemoTests.m; sourceTree = "<group>"; };
		6FA54BC721BA560C006BC204 /* Info.plist */ = {isa = PBXFileReference; lastKnownFileType = text.plist.xml; path = Info.plist; sourceTree = "<group>"; };
		6FA54BCC21BA560C006BC204 /* EcoAdDemoUITests.xctest */ = {isa = PBXFileReference; explicitFileType = wrapper.cfbundle; includeInIndex = 0; path = EcoAdDemoUITests.xctest; sourceTree = BUILT_PRODUCTS_DIR; };
		6FA54BD021BA560C006BC204 /* EcoAdDemoUITests.m */ = {isa = PBXFileReference; lastKnownFileType = sourcecode.c.objc; path = EcoAdDemoUITests.m; sourceTree = "<group>"; };
		6FA54BD221BA560C006BC204 /* Info.plist */ = {isa = PBXFileReference; lastKnownFileType = text.plist.xml; path = Info.plist; sourceTree = "<group>"; };
/* End PBXFileReference section */

/* Begin PBXFrameworksBuildPhase section */
		6FA54BA621BA560A006BC204 /* Frameworks */ = {
			isa = PBXFrameworksBuildPhase;
			buildActionMask = 2147483647;
			files = (
			);
			runOnlyForDeploymentPostprocessing = 0;
		};
		6FA54BBE21BA560C006BC204 /* Frameworks */ = {
			isa = PBXFrameworksBuildPhase;
			buildActionMask = 2147483647;
			files = (
			);
			runOnlyForDeploymentPostprocessing = 0;
		};
		6FA54BC921BA560C006BC204 /* Frameworks */ = {
			isa = PBXFrameworksBuildPhase;
			buildActionMask = 2147483647;
			files = (
			);
			runOnlyForDeploymentPostprocessing = 0;
		};
/* End PBXFrameworksBuildPhase section */

/* Begin PBXGroup section */
		6FA54BA021BA560A006BC204 = {
			isa = PBXGroup;
			children = (
				6FA54BAB21BA560A006BC204 /* EcoAdDemo */,
				6FA54BC421BA560C006BC204 /* EcoAdDemoTests */,
				6FA54BCF21BA560C006BC204 /* EcoAdDemoUITests */,
				6FA54BAA21BA560A006BC204 /* Products */,
			);
			sourceTree = "<group>";
		};
		6FA54BAA21BA560A006BC204 /* Products */ = {
			isa = PBXGroup;
			children = (
				6FA54BA921BA560A006BC204 /* EcoAdDemo.app */,
				6FA54BC121BA560C006BC204 /* EcoAdDemoTests.xctest */,
				6FA54BCC21BA560C006BC204 /* EcoAdDemoUITests.xctest */,
			);
			name = Products;
			sourceTree = "<group>";
		};
		6FA54BAB21BA560A006BC204 /* EcoAdDemo */ = {
			isa = PBXGroup;
			children = (
				6FA54BAC21BA560A006BC204 /* AppDelegate.h */,
				6FA54BAD21BA560A006BC204 /* AppDelegate.m */,
				6FA54BAF21BA560A006BC204 /* ViewController.h */,
				6FA54BB021BA560A006BC204 /* ViewController.m */,
				6FA54BB221BA560A006BC204 /* Main.storyboard */,
				6FA54BB521BA560C006BC204 /* Assets.xcassets */,
				6FA54BB721BA560C006BC204 /* LaunchScreen.storyboard */,
				6FA54BBA21BA560C006BC204 /* Info.plist */,
				6FA54BBB21BA560C006BC204 /* main.m */,
			);
			path = EcoAdDemo;
			sourceTree = "<group>";
		};
		6FA54BC421BA560C006BC204 /* EcoAdDemoTests */ = {
			isa = PBXGroup;
			children = (
				6FA54BC521BA560C006BC204 /* EcoAdDemoTests.m */,
				6FA54BC721BA560C006BC204 /* Info.plist */,
			);
			path = EcoAdDemoTests;
			sourceTree = "<group>";
		};
		6FA54BCF21BA560C006BC204 /* EcoAdDemoUITests */ = {
			isa = PBXGroup;
			children = (
				6FA54BD021BA560C006BC204 /* EcoAdDemoUITests.m */,
				6FA54BD221BA560C006BC204 /* Info.plist */,
			);
			path = EcoAdDemoUITests;
			sourceTree = "<group>";
		};
/* End PBXGroup section */

/* Begin PBXNativeTarget section */
		6FA54BA821BA560A006BC204 /* EcoAdDemo */ = {
			isa = PBXNativeTarget;
			buildConfigurationList = 6FA54BD521BA560C006BC204 /* Build configuration list for PBXNativeTarget "EcoAdDemo" */;
			buildPhases = (
				6FA54BA521BA560A006BC204 /* Sources */,
				6FA54BA621BA560A006BC204 /* Frameworks */,
				6FA54BA721BA560A006BC204 /* Resources */,
			);
			buildRules = (
			);
			dependencies = (
			);
			name = EcoAdDemo;
			productName = EcoAdDemo;
			productReference = 6FA54BA921BA560A006BC204 /* EcoAdDemo.app */;
			productType = "com.apple.product-type.application";
		};
		6FA54BC021BA560C006BC204 /* EcoAdDemoTests */ = {
			isa = PBXNativeTarget;
			buildConfigurationList = 6FA54BD821BA560C006BC204 /* Build configuration list for PBXNativeTarget "EcoAdDemoTests" */;
			buildPhases = (
				6FA54BBD21BA560C006BC204 /* Sources */,
				6FA54BBE21BA560C006BC204 /* Frameworks */,
				6FA54BBF21BA560C006BC204 /* Resources */,
			);
			buildRules = (
			);
			dependencies = (
				6FA54BC321BA560C006BC204 /* PBXTargetDependency */,
			);
			name = EcoAdDemoTests;
			productName = EcoAdDemoTests;
			productReference = 6FA54BC121BA560C006BC204 /* EcoAdDemoTests.xctest */;
			productType = "com.apple.product-type.bundle.unit-test";
		};
		6FA54BCB21BA560C006BC204 /* EcoAdDemoUITests */ = {
			isa = PBXNativeTarget;
			buildConfigurationList = 6FA54BDB21BA560C006BC204 /* Build configuration list for PBXNativeTarget "EcoAdDemoUITests" */;
			buildPhases = (
				6FA54BC821BA560C006BC204 /* Sources */,
				6FA54BC921BA560C006BC204 /* Frameworks */,
				6FA54BCA21BA560C006BC204 /* Resources */,
			);
			buildRules = (
			);
			dependencies = (
				6FA54BCE21BA560C006BC204 /* PBXTargetDependency */,
			);
			name = EcoAdDemoUITests;
			productName = EcoAdDemoUITests;
			productReference = 6FA54BCC21BA560C006BC204 /* EcoAdDemoUITests.xctest */;
			productType = "com.apple.product-type.bundle.ui-testing";
		};
/* End PBXNativeTarget section */

/* Begin PBXProject section */
		6FA54BA121BA560A006BC204 /* Project object */ = {
			isa = PBXProject;
			attributes = {
				LastUpgradeCheck = 1010;
				ORGANIZATIONNAME = XYW;
				TargetAttributes = {
					6FA54BA821BA560A006BC204 = {
						CreatedOnToolsVersion = 10.1;
					};
					6FA54BC021BA560C006BC204 = {
						CreatedOnToolsVersion = 10.1;
						TestTargetID = 6FA54BA821BA560A006BC204;
					};
					6FA54BCB21BA560C006BC204 = {
						CreatedOnToolsVersion = 10.1;
						TestTargetID = 6FA54BA821BA560A006BC204;
					};
				};
			};
			buildConfigurationList = 6FA54BA421BA560A006BC204 /* Build configuration list for PBXProject "EcoAdDemo" */;
			compatibilityVersion = "Xcode 9.3";
			developmentRegion = en;
			hasScannedForEncodings = 0;
			knownRegions = (
				en,
				Base,
			);
			mainGroup = 6FA54BA021BA560A006BC204;
			productRefGroup = 6FA54BAA21BA560A006BC204 /* Products */;
			projectDirPath = "";
			projectRoot = "";
			targets = (
				6FA54BA821BA560A006BC204 /* EcoAdDemo */,
				6FA54BC021BA560C006BC204 /* EcoAdDemoTests */,
				6FA54BCB21BA560C006BC204 /* EcoAdDemoUITests */,
			);
		};
/* End PBXProject section */

/* Begin PBXResourcesBuildPhase section */
		6FA54BA721BA560A006BC204 /* Resources */ = {
			isa = PBXResourcesBuildPhase;
			buildActionMask = 2147483647;
			files = (
				6FA54BB921BA560C006BC204 /* LaunchScreen.storyboard in Resources */,
				6FA54BB621BA560C006BC204 /* Assets.xcassets in Resources */,
				6FA54BB421BA560A006BC204 /* Main.storyboard in Resources */,
			);
			runOnlyForDeploymentPostprocessing = 0;
		};
		6FA54BBF21BA560C006BC204 /* Resources */ = {
			isa = PBXResourcesBuildPhase;
			buildActionMask = 2147483647;
			files = (
			);
			runOnlyForDeploymentPostprocessing = 0;
		};
		6FA54BCA21BA560C006BC204 /* Resources */ = {
			isa = PBXResourcesBuildPhase;
			buildActionMask = 2147483647;
			files = (
			);
			runOnlyForDeploymentPostprocessing = 0;
		};
/* End PBXResourcesBuildPhase section */

/* Begin PBXSourcesBuildPhase section */
		6FA54BA521BA560A006BC204 /* Sources */ = {
			isa = PBXSourcesBuildPhase;
			buildActionMask = 2147483647;
			files = (
				6FA54BB121BA560A006BC204 /* ViewController.m in Sources */,
				6FA54BBC21BA560C006BC204 /* main.m in Sources */,
				6FA54BAE21BA560A006BC204 /* AppDelegate.m in Sources */,
			);
			runOnlyForDeploymentPostprocessing = 0;
		};
		6FA54BBD21BA560C006BC204 /* Sources */ = {
			isa = PBXSourcesBuildPhase;
			buildActionMask = 2147483647;
			files = (
				6FA54BC621BA560C006BC204 /* EcoAdDemoTests.m in Sources */,
			);
			runOnlyForDeploymentPostprocessing = 0;
		};
		6FA54BC821BA560C006BC204 /* Sources */ = {
			isa = PBXSourcesBuildPhase;
			buildActionMask = 2147483647;
			files = (
				6FA54BD121BA560C006BC204 /* EcoAdDemoUITests.m in Sources */,
			);
			runOnlyForDeploymentPostprocessing = 0;
		};
/* End PBXSourcesBuildPhase section */

/* Begin PBXTargetDependency section */
		6FA54BC321BA560C006BC204 /* PBXTargetDependency */ = {
			isa = PBXTargetDependency;
			target = 6FA54BA821BA560A006BC204 /* EcoAdDemo */;
			targetProxy = 6FA54BC221BA560C006BC204 /* PBXContainerItemProxy */;
		};
		6FA54BCE21BA560C006BC204 /* PBXTargetDependency */ = {
			isa = PBXTargetDependency;
			target = 6FA54BA821BA560A006BC204 /* EcoAdDemo */;
			targetProxy = 6FA54BCD21BA560C006BC204 /* PBXContainerItemProxy */;
		};
/* End PBXTargetDependency section */

/* Begin PBXVariantGroup section */
		6FA54BB221BA560A006BC204 /* Main.storyboard */ = {
			isa = PBXVariantGroup;
			children = (
				6FA54BB321BA560A006BC204 /* Base */,
			);
			name = Main.storyboard;
			sourceTree = "<group>";
		};
		6FA54BB721BA560C006BC204 /* LaunchScreen.storyboard */ = {
			isa = PBXVariantGroup;
			children = (
				6FA54BB821BA560C006BC204 /* Base */,
			);
			name = LaunchScreen.storyboard;
			sourceTree = "<group>";
		};
/* End PBXVariantGroup section */

/* Begin XCBuildConfiguration section */
		6FA54BD321BA560C006BC204 /* Debug */ = {
			isa = XCBuildConfiguration;
			buildSettings = {
				ALWAYS_SEARCH_USER_PATHS = NO;
				CLANG_ANALYZER_NONNULL = YES;
				CLANG_ANALYZER_NUMBER_OBJECT_CONVERSION = YES_AGGRESSIVE;
				CLANG_CXX_LANGUAGE_STANDARD = "gnu++14";
				CLANG_CXX_LIBRARY = "libc++";
				CLANG_ENABLE_MODULES = YES;
				CLANG_ENABLE_OBJC_ARC = YES;
				CLANG_ENABLE_OBJC_WEAK = YES;
				CLANG_WARN_BLOCK_CAPTURE_AUTORELEASING = YES;
				CLANG_WARN_BOOL_CONVERSION = YES;
				CLANG_WARN_COMMA = YES;
				CLANG_WARN_CONSTANT_CONVERSION = YES;
				CLANG_WARN_DEPRECATED_OBJC_IMPLEMENTATIONS = YES;
				CLANG_WARN_DIRECT_OBJC_ISA_USAGE = YES_ERROR;
				CLANG_WARN_DOCUMENTATION_COMMENTS = YES;
				CLANG_WARN_EMPTY_BODY = YES;
				CLANG_WARN_ENUM_CONVERSION = YES;
				CLANG_WARN_INFINITE_RECURSION = YES;
				CLANG_WARN_INT_CONVERSION = YES;
				CLANG_WARN_NON_LITERAL_NULL_CONVERSION = YES;
				CLANG_WARN_OBJC_IMPLICIT_RETAIN_SELF = YES;
				CLANG_WARN_OBJC_LITERAL_CONVERSION = YES;
				CLANG_WARN_OBJC_ROOT_CLASS = YES_ERROR;
				CLANG_WARN_RANGE_LOOP_ANALYSIS = YES;
				CLANG_WARN_STRICT_PROTOTYPES = YES;
				CLANG_WARN_SUSPICIOUS_MOVE = YES;
				CLANG_WARN_UNGUARDED_AVAILABILITY = YES_AGGRESSIVE;
				CLANG_WARN_UNREACHABLE_CODE = YES;
				CLANG_WARN__DUPLICATE_METHOD_MATCH = YES;
				CODE_SIGN_IDENTITY = "iPhone Developer";
				COPY_PHASE_STRIP = NO;
				DEBUG_INFORMATION_FORMAT = dwarf;
				ENABLE_STRICT_OBJC_MSGSEND = YES;
				ENABLE_TESTABILITY = YES;
				GCC_C_LANGUAGE_STANDARD = gnu11;
				GCC_DYNAMIC_NO_PIC = NO;
				GCC_NO_COMMON_BLOCKS = YES;
				GCC_OPTIMIZATION_LEVEL = 0;
				GCC_PREPROCESSOR_DEFINITIONS = (
					"DEBUG=1",
					"$(inherited)",
				);
				GCC_WARN_64_TO_32_BIT_CONVERSION = YES;
				GCC_WARN_ABOUT_RETURN_TYPE = YES_ERROR;
				GCC_WARN_UNDECLARED_SELECTOR = YES;
				GCC_WARN_UNINITIALIZED_AUTOS = YES_AGGRESSIVE;
				GCC_WARN_UNUSED_FUNCTION = YES;
				GCC_WARN_UNUSED_VARIABLE = YES;
				IPHONEOS_DEPLOYMENT_TARGET = 12.1;
				MTL_ENABLE_DEBUG_INFO = INCLUDE_SOURCE;
				MTL_FAST_MATH = YES;
				ONLY_ACTIVE_ARCH = YES;
				SDKROOT = iphoneos;
			};
			name = Debug;
		};
		6FA54BD421BA560C006BC204 /* Release */ = {
			isa = XCBuildConfiguration;
			buildSettings = {
				ALWAYS_SEARCH_USER_PATHS = NO;
				CLANG_ANALYZER_NONNULL = YES;
				CLANG_ANALYZER_NUMBER_OBJECT_CONVERSION = YES_AGGRESSIVE;
				CLANG_CXX_LANGUAGE_STANDARD = "gnu++14";
				CLANG_CXX_LIBRARY = "libc++";
				CLANG_ENABLE_MODULES = YES;
				CLANG_ENABLE_OBJC_ARC = YES;
				CLANG_ENABLE_OBJC_WEAK = YES;
				CLANG_WARN_BLOCK_CAPTURE_AUTORELEASING = YES;
				CLANG_WARN_BOOL_CONVERSION = YES;
				CLANG_WARN_COMMA = YES;
				CLANG_WARN_CONSTANT_CONVERSION = YES;
				CLANG_WARN_DEPRECATED_OBJC_IMPLEMENTATIONS = YES;
				CLANG_WARN_DIRECT_OBJC_ISA_USAGE = YES_ERROR;
				CLANG_WARN_DOCUMENTATION_COMMENTS = YES;
				CLANG_WARN_EMPTY_BODY = YES;
				CLANG_WARN_ENUM_CONVERSION = YES;
				CLANG_WARN_INFINITE_RECURSION = YES;
				CLANG_WARN_INT_CONVERSION = YES;
				CLANG_WARN_NON_LITERAL_NULL_CONVERSION = YES;
				CLANG_WARN_OBJC_IMPLICIT_RETAIN_SELF = YES;
				CLANG_WARN_OBJC_LITERAL_CONVERSION = YES;
				CLANG_WARN_OBJC_ROOT_CLASS = YES_ERROR;
				CLANG_WARN_RANGE_LOOP_ANALYSIS = YES;
				CLANG_WARN_STRICT_PROTOTYPES = YES;
				CLANG_WARN_SUSPICIOUS_MOVE = YES;
				CLANG_WARN_UNGUARDED_AVAILABILITY = YES_AGGRESSIVE;
				CLANG_WARN_UNREACHABLE_CODE = YES;
				CLANG_WARN__DUPLICATE_METHOD_MATCH = YES;
				CODE_SIGN_IDENTITY = "iPhone Developer";
				COPY_PHASE_STRIP = NO;
				DEBUG_INFORMATION_FORMAT = "dwarf-with-dsym";
				ENABLE_NS_ASSERTIONS = NO;
				ENABLE_STRICT_OBJC_MSGSEND = YES;
				GCC_C_LANGUAGE_STANDARD = gnu11;
				GCC_NO_COMMON_BLOCKS = YES;
				GCC_WARN_64_TO_32_BIT_CONVERSION = YES;
				GCC_WARN_ABOUT_RETURN_TYPE = YES_ERROR;
				GCC_WARN_UNDECLARED_SELECTOR = YES;
				GCC_WARN_UNINITIALIZED_AUTOS = YES_AGGRESSIVE;
				GCC_WARN_UNUSED_FUNCTION = YES;
				GCC_WARN_UNUSED_VARIABLE = YES;
				IPHONEOS_DEPLOYMENT_TARGET = 12.1;
				MTL_ENABLE_DEBUG_INFO = NO;
				MTL_FAST_MATH = YES;
				SDKROOT = iphoneos;
				VALIDATE_PRODUCT = YES;
			};
			name = Release;
		};
		6FA54BD621BA560C006BC204 /* Debug */ = {
			isa = XCBuildConfiguration;
			buildSettings = {
				ASSETCATALOG_COMPILER_APPICON_NAME = AppIcon;
				CODE_SIGN_STYLE = Automatic;
				INFOPLIST_FILE = EcoAdDemo/Info.plist;
				LD_RUNPATH_SEARCH_PATHS = (
					"$(inherited)",
					"@executable_path/Frameworks",
				);
				PRODUCT_BUNDLE_IDENTIFIER = Eco.EcoAdDemo;
				PRODUCT_NAME = "$(TARGET_NAME)";
				TARGETED_DEVICE_FAMILY = "1,2";
			};
			name = Debug;
		};
		6FA54BD721BA560C006BC204 /* Release */ = {
			isa = XCBuildConfiguration;
			buildSettings = {
				ASSETCATALOG_COMPILER_APPICON_NAME = AppIcon;
				CODE_SIGN_STYLE = Automatic;
				INFOPLIST_FILE = EcoAdDemo/Info.plist;
				LD_RUNPATH_SEARCH_PATHS = (
					"$(inherited)",
					"@executable_path/Frameworks",
				);
				PRODUCT_BUNDLE_IDENTIFIER = Eco.EcoAdDemo;
				PRODUCT_NAME = "$(TARGET_NAME)";
				TARGETED_DEVICE_FAMILY = "1,2";
			};
			name = Release;
		};
		6FA54BD921BA560C006BC204 /* Debug */ = {
			isa = XCBuildConfiguration;
			buildSettings = {
				BUNDLE_LOADER = "$(TEST_HOST)";
				CODE_SIGN_STYLE = Automatic;
				INFOPLIST_FILE = EcoAdDemoTests/Info.plist;
				LD_RUNPATH_SEARCH_PATHS = (
					"$(inherited)",
					"@executable_path/Frameworks",
					"@loader_path/Frameworks",
				);
				PRODUCT_BUNDLE_IDENTIFIER = Eco.EcoAdDemoTests;
				PRODUCT_NAME = "$(TARGET_NAME)";
				TARGETED_DEVICE_FAMILY = "1,2";
				TEST_HOST = "$(BUILT_PRODUCTS_DIR)/EcoAdDemo.app/EcoAdDemo";
			};
			name = Debug;
		};
		6FA54BDA21BA560C006BC204 /* Release */ = {
			isa = XCBuildConfiguration;
			buildSettings = {
				BUNDLE_LOADER = "$(TEST_HOST)";
				CODE_SIGN_STYLE = Automatic;
				INFOPLIST_FILE = EcoAdDemoTests/Info.plist;
				LD_RUNPATH_SEARCH_PATHS = (
					"$(inherited)",
					"@executable_path/Frameworks",
					"@loader_path/Frameworks",
				);
				PRODUCT_BUNDLE_IDENTIFIER = Eco.EcoAdDemoTests;
				PRODUCT_NAME = "$(TARGET_NAME)";
				TARGETED_DEVICE_FAMILY = "1,2";
				TEST_HOST = "$(BUILT_PRODUCTS_DIR)/EcoAdDemo.app/EcoAdDemo";
			};
			name = Release;
		};
		6FA54BDC21BA560C006BC204 /* Debug */ = {
			isa = XCBuildConfiguration;
			buildSettings = {
				CODE_SIGN_STYLE = Automatic;
				INFOPLIST_FILE = EcoAdDemoUITests/Info.plist;
				LD_RUNPATH_SEARCH_PATHS = (
					"$(inherited)",
					"@executable_path/Frameworks",
					"@loader_path/Frameworks",
				);
				PRODUCT_BUNDLE_IDENTIFIER = Eco.EcoAdDemoUITests;
				PRODUCT_NAME = "$(TARGET_NAME)";
				TARGETED_DEVICE_FAMILY = "1,2";
				TEST_TARGET_NAME = EcoAdDemo;
			};
			name = Debug;
		};
		6FA54BDD21BA560C006BC204 /* Release */ = {
			isa = XCBuildConfiguration;
			buildSettings = {
				CODE_SIGN_STYLE = Automatic;
				INFOPLIST_FILE = EcoAdDemoUITests/Info.plist;
				LD_RUNPATH_SEARCH_PATHS = (
					"$(inherited)",
					"@executable_path/Frameworks",
					"@loader_path/Frameworks",
				);
				PRODUCT_BUNDLE_IDENTIFIER = Eco.EcoAdDemoUITests;
				PRODUCT_NAME = "$(TARGET_NAME)";
				TARGETED_DEVICE_FAMILY = "1,2";
				TEST_TARGET_NAME = EcoAdDemo;
			};
			name = Release;
		};
/* End XCBuildConfiguration section */

/* Begin XCConfigurationList section */
		6FA54BA421BA560A006BC204 /* Build configuration list for PBXProject "EcoAdDemo" */ = {
			isa = XCConfigurationList;
			buildConfigurations = (
				6FA54BD321BA560C006BC204 /* Debug */,
				6FA54BD421BA560C006BC204 /* Release */,
			);
			defaultConfigurationIsVisible = 0;
			defaultConfigurationName = Release;
		};
		6FA54BD521BA560C006BC204 /* Build configuration list for PBXNativeTarget "EcoAdDemo" */ = {
			isa = XCConfigurationList;
			buildConfigurations = (
				6FA54BD621BA560C006BC204 /* Debug */,
				6FA54BD721BA560C006BC204 /* Release */,
			);
			defaultConfigurationIsVisible = 0;
			defaultConfigurationName = Release;
		};
		6FA54BD821BA560C006BC204 /* Build configuration list for PBXNativeTarget "EcoAdDemoTests" */ = {
			isa = XCConfigurationList;
			buildConfigurations = (
				6FA54BD921BA560C006BC204 /* Debug */,
				6FA54BDA21BA560C006BC204 /* Release */,
			);
			defaultConfigurationIsVisible = 0;
			defaultConfigurationName = Release;
		};
		6FA54BDB21BA560C006BC204 /* Build configuration list for PBXNativeTarget "EcoAdDemoUITests" */ = {
			isa = XCConfigurationList;
			buildConfigurations = (
				6FA54BDC21BA560C006BC204 /* Debug */,
				6FA54BDD21BA560C006BC204 /* Release */,
			);
			defaultConfigurationIsVisible = 0;
			defaultConfigurationName = Release;
		};
/* End XCConfigurationList section */
	};
	rootObject = 6FA54BA121BA560A006BC204 /* Project object */;
}
